// !$*UTF8*$!
{
	archiveVersion = 1;
	classes = {
	};
	objectVersion = 48;
	objects = {

/* Begin PBXBuildFile section */
		0DEF180A34E399AEE50608DB /* Pods_BiometricAuthenticationDemo.framework in Frameworks */ = {isa = PBXBuildFile; fileRef = E9EBE0BAAFDA8C8CCE105DDA /* Pods_BiometricAuthenticationDemo.framework */; };
		A9440CAF1FE16877005E9603 /* AppDelegate.swift in Sources */ = {isa = PBXBuildFile; fileRef = A9440CAE1FE16877005E9603 /* AppDelegate.swift */; };
		A9440CB11FE16877005E9603 /* ViewController.swift in Sources */ = {isa = PBXBuildFile; fileRef = A9440CB01FE16877005E9603 /* ViewController.swift */; };
		A9440CB41FE16877005E9603 /* Main.storyboard in Resources */ = {isa = PBXBuildFile; fileRef = A9440CB21FE16877005E9603 /* Main.storyboard */; };
		A9440CB61FE16877005E9603 /* Assets.xcassets in Resources */ = {isa = PBXBuildFile; fileRef = A9440CB51FE16877005E9603 /* Assets.xcassets */; };
		A9440CB91FE16877005E9603 /* LaunchScreen.storyboard in Resources */ = {isa = PBXBuildFile; fileRef = A9440CB71FE16877005E9603 /* LaunchScreen.storyboard */; };
/* End PBXBuildFile section */

/* Begin PBXFileReference section */
		443723F88BFBA1158C09F45B /* Pods-BiometricAuthenticationDemo.debug.xcconfig */ = {isa = PBXFileReference; includeInIndex = 1; lastKnownFileType = text.xcconfig; name = "Pods-BiometricAuthenticationDemo.debug.xcconfig"; path = "Pods/Target Support Files/Pods-BiometricAuthenticationDemo/Pods-BiometricAuthenticationDemo.debug.xcconfig"; sourceTree = "<group>"; };
		A9440CAB1FE16877005E9603 /* BiometricAuthenticationDemo.app */ = {isa = PBXFileReference; explicitFileType = wrapper.application; includeInIndex = 0; path = BiometricAuthenticationDemo.app; sourceTree = BUILT_PRODUCTS_DIR; };
		A9440CAE1FE16877005E9603 /* AppDelegate.swift */ = {isa = PBXFileReference; lastKnownFileType = sourcecode.swift; path = AppDelegate.swift; sourceTree = "<group>"; };
		A9440CB01FE16877005E9603 /* ViewController.swift */ = {isa = PBXFileReference; lastKnownFileType = sourcecode.swift; path = ViewController.swift; sourceTree = "<group>"; };
		A9440CB31FE16877005E9603 /* Base */ = {isa = PBXFileReference; lastKnownFileType = file.storyboard; name = Base; path = Base.lproj/Main.storyboard; sourceTree = "<group>"; };
		A9440CB51FE16877005E9603 /* Assets.xcassets */ = {isa = PBXFileReference; lastKnownFileType = folder.assetcatalog; path = Assets.xcassets; sourceTree = "<group>"; };
		A9440CB81FE16877005E9603 /* Base */ = {isa = PBXFileReference; lastKnownFileType = file.storyboard; name = Base; path = Base.lproj/LaunchScreen.storyboard; sourceTree = "<group>"; };
		A9440CBA1FE16877005E9603 /* Info.plist */ = {isa = PBXFileReference; lastKnownFileType = text.plist.xml; path = Info.plist; sourceTree = "<group>"; };
		D1AC786C82F8441302D2499F /* Pods-BiometricAuthenticationDemo.release.xcconfig */ = {isa = PBXFileReference; includeInIndex = 1; lastKnownFileType = text.xcconfig; name = "Pods-BiometricAuthenticationDemo.release.xcconfig"; path = "Pods/Target Support Files/Pods-BiometricAuthenticationDemo/Pods-BiometricAuthenticationDemo.release.xcconfig"; sourceTree = "<group>"; };
		E9EBE0BAAFDA8C8CCE105DDA /* Pods_BiometricAuthenticationDemo.framework */ = {isa = PBXFileReference; explicitFileType = wrapper.framework; includeInIndex = 0; path = Pods_BiometricAuthenticationDemo.framework; sourceTree = BUILT_PRODUCTS_DIR; };
/* End PBXFileReference section */

/* Begin PBXFrameworksBuildPhase section */
		A9440CA81FE16877005E9603 /* Frameworks */ = {
			isa = PBXFrameworksBuildPhase;
			buildActionMask = 2147483647;
			files = (
				0DEF180A34E399AEE50608DB /* Pods_BiometricAuthenticationDemo.framework in Frameworks */,
			);
			runOnlyForDeploymentPostprocessing = 0;
		};
/* End PBXFrameworksBuildPhase section */

/* Begin PBXGroup section */
		A9440CA21FE16877005E9603 = {
			isa = PBXGroup;
			children = (
				A9440CAD1FE16877005E9603 /* BiometricAuthenticationDemo */,
				A9440CAC1FE16877005E9603 /* Products */,
				F8F55B7E380E105FCBF8285D /* Pods */,
				EE3D66D0CA3A2EFDD6755953 /* Frameworks */,
			);
			sourceTree = "<group>";
		};
		A9440CAC1FE16877005E9603 /* Products */ = {
			isa = PBXGroup;
			children = (
				A9440CAB1FE16877005E9603 /* BiometricAuthenticationDemo.app */,
			);
			name = Products;
			sourceTree = "<group>";
		};
		A9440CAD1FE16877005E9603 /* BiometricAuthenticationDemo */ = {
			isa = PBXGroup;
			children = (
				A9440CAE1FE16877005E9603 /* AppDelegate.swift */,
				A9440CB01FE16877005E9603 /* ViewController.swift */,
				A9440CB21FE16877005E9603 /* Main.storyboard */,
				A9440CB51FE16877005E9603 /* Assets.xcassets */,
				A9440CB71FE16877005E9603 /* LaunchScreen.storyboard */,
				A9440CBA1FE16877005E9603 /* Info.plist */,
			);
			path = BiometricAuthenticationDemo;
			sourceTree = "<group>";
		};
		EE3D66D0CA3A2EFDD6755953 /* Frameworks */ = {
			isa = PBXGroup;
			children = (
				E9EBE0BAAFDA8C8CCE105DDA /* Pods_BiometricAuthenticationDemo.framework */,
			);
			name = Frameworks;
			sourceTree = "<group>";
		};
		F8F55B7E380E105FCBF8285D /* Pods */ = {
			isa = PBXGroup;
			children = (
				443723F88BFBA1158C09F45B /* Pods-BiometricAuthenticationDemo.debug.xcconfig */,
				D1AC786C82F8441302D2499F /* Pods-BiometricAuthenticationDemo.release.xcconfig */,
			);
			name = Pods;
			sourceTree = "<group>";
		};
/* End PBXGroup section */

/* Begin PBXNativeTarget section */
		A9440CAA1FE16877005E9603 /* BiometricAuthenticationDemo */ = {
			isa = PBXNativeTarget;
			buildConfigurationList = A9440CBD1FE16877005E9603 /* Build configuration list for PBXNativeTarget "BiometricAuthenticationDemo" */;
			buildPhases = (
				B60ADB542216AB6FFBA4769D /* [CP] Check Pods Manifest.lock */,
				A9440CA71FE16877005E9603 /* Sources */,
				A9440CA81FE16877005E9603 /* Frameworks */,
				A9440CA91FE16877005E9603 /* Resources */,
				309F02B9AB3797EC3014AB43 /* [CP] Embed Pods Frameworks */,
				BACC41950671BA58F83E4954 /* [CP] Copy Pods Resources */,
			);
			buildRules = (
			);
			dependencies = (
			);
			name = BiometricAuthenticationDemo;
			productName = BiometricAuthenticationDemo;
			productReference = A9440CAB1FE16877005E9603 /* BiometricAuthenticationDemo.app */;
			productType = "com.apple.product-type.application";
		};
/* End PBXNativeTarget section */

/* Begin PBXProject section */
		A9440CA31FE16877005E9603 /* Project object */ = {
			isa = PBXProject;
			attributes = {
				LastSwiftUpdateCheck = 0910;
				LastUpgradeCheck = 0910;
				ORGANIZATIONNAME = Dev7;
				TargetAttributes = {
					A9440CAA1FE16877005E9603 = {
						CreatedOnToolsVersion = 9.1;
						ProvisioningStyle = Automatic;
					};
				};
			};
			buildConfigurationList = A9440CA61FE16877005E9603 /* Build configuration list for PBXProject "BiometricAuthenticationDemo" */;
			compatibilityVersion = "Xcode 8.0";
			developmentRegion = en;
			hasScannedForEncodings = 0;
			knownRegions = (
				en,
				Base,
			);
			mainGroup = A9440CA21FE16877005E9603;
			productRefGroup = A9440CAC1FE16877005E9603 /* Products */;
			projectDirPath = "";
			projectRoot = "";
			targets = (
				A9440CAA1FE16877005E9603 /* BiometricAuthenticationDemo */,
			);
		};
/* End PBXProject section */

/* Begin PBXResourcesBuildPhase section */
		A9440CA91FE16877005E9603 /* Resources */ = {
			isa = PBXResourcesBuildPhase;
			buildActionMask = 2147483647;
			files = (
				A9440CB91FE16877005E9603 /* LaunchScreen.storyboard in Resources */,
				A9440CB61FE16877005E9603 /* Assets.xcassets in Resources */,
				A9440CB41FE16877005E9603 /* Main.storyboard in Resources */,
			);
			runOnlyForDeploymentPostprocessing = 0;
		};
/* End PBXResourcesBuildPhase section */

/* Begin PBXShellScriptBuildPhase section */
		309F02B9AB3797EC3014AB43 /* [CP] Embed Pods Frameworks */ = {
			isa = PBXShellScriptBuildPhase;
			buildActionMask = 2147483647;
			files = (
			);
			inputPaths = (
				"${SRCROOT}/Pods/Target Support Files/Pods-BiometricAuthenticationDemo/Pods-BiometricAuthenticationDemo-frameworks.sh",
				"${BUILT_PRODUCTS_DIR}/IQKeyboardManagerSwift/IQKeyboardManagerSwift.framework",
			);
			name = "[CP] Embed Pods Frameworks";
			outputPaths = (
				"${TARGET_BUILD_DIR}/${FRAMEWORKS_FOLDER_PATH}/IQKeyboardManagerSwift.framework",
			);
			runOnlyForDeploymentPostprocessing = 0;
			shellPath = /bin/sh;
			shellScript = "\"${SRCROOT}/Pods/Target Support Files/Pods-BiometricAuthenticationDemo/Pods-BiometricAuthenticationDemo-frameworks.sh\"\n";
			showEnvVarsInLog = 0;
		};
		B60ADB542216AB6FFBA4769D /* [CP] Check Pods Manifest.lock */ = {
			isa = PBXShellScriptBuildPhase;
			buildActionMask = 2147483647;
			files = (
			);
			inputPaths = (
				"${PODS_PODFILE_DIR_PATH}/Podfile.lock",
				"${PODS_ROOT}/Manifest.lock",
			);
			name = "[CP] Check Pods Manifest.lock";
			outputPaths = (
				"$(DERIVED_FILE_DIR)/Pods-BiometricAuthenticationDemo-checkManifestLockResult.txt",
			);
			runOnlyForDeploymentPostprocessing = 0;
			shellPath = /bin/sh;
			shellScript = "diff \"${PODS_PODFILE_DIR_PATH}/Podfile.lock\" \"${PODS_ROOT}/Manifest.lock\" > /dev/null\nif [ $? != 0 ] ; then\n    # print error to STDERR\n    echo \"error: The sandbox is not in sync with the Podfile.lock. Run 'pod install' or update your CocoaPods installation.\" >&2\n    exit 1\nfi\n# This output is used by Xcode 'outputs' to avoid re-running this script phase.\necho \"SUCCESS\" > \"${SCRIPT_OUTPUT_FILE_0}\"\n";
			showEnvVarsInLog = 0;
		};
		BACC41950671BA58F83E4954 /* [CP] Copy Pods Resources */ = {
			isa = PBXShellScriptBuildPhase;
			buildActionMask = 2147483647;
			files = (
			);
			inputPaths = (
			);
			name = "[CP] Copy Pods Resources";
			outputPaths = (
			);
			runOnlyForDeploymentPostprocessing = 0;
			shellPath = /bin/sh;
			shellScript = "\"${SRCROOT}/Pods/Target Support Files/Pods-BiometricAuthenticationDemo/Pods-BiometricAuthenticationDemo-resources.sh\"\n";
			showEnvVarsInLog = 0;
		};
/* End PBXShellScriptBuildPhase section */

/* Begin PBXSourcesBuildPhase section */
		A9440CA71FE16877005E9603 /* Sources */ = {
			isa = PBXSourcesBuildPhase;
			buildActionMask = 2147483647;
			files = (
				A9440CB11FE16877005E9603 /* ViewController.swift in Sources */,
				A9440CAF1FE16877005E9603 /* AppDelegate.swift in Sources */,
			);
			runOnlyForDeploymentPostprocessing = 0;
		};
/* End PBXSourcesBuildPhase section */

/* Begin PBXVariantGroup section */
		A9440CB21FE16877005E9603 /* Main.storyboard */ = {
			isa = PBXVariantGroup;
			children = (
				A9440CB31FE16877005E9603 /* Base */,
			);
			name = Main.storyboard;
			sourceTree = "<group>";
		};
		A9440CB71FE16877005E9603 /* LaunchScreen.storyboard */ = {
			isa = PBXVariantGroup;
			children = (
				A9440CB81FE16877005E9603 /* Base */,
			);
			name = LaunchScreen.storyboard;
			sourceTree = "<group>";
		};
/* End PBXVariantGroup section */

/* Begin XCBuildConfiguration section */
		A9440CBB1FE16877005E9603 /* Debug */ = {
			isa = XCBuildConfiguration;
			buildSettings = {
				ALWAYS_SEARCH_USER_PATHS = NO;
				CLANG_ANALYZER_NONNULL = YES;
				CLANG_ANALYZER_NUMBER_OBJECT_CONVERSION = YES_AGGRESSIVE;
				CLANG_CXX_LANGUAGE_STANDARD = "gnu++14";
				CLANG_CXX_LIBRARY = "libc++";
				CLANG_ENABLE_MODULES = YES;
				CLANG_ENABLE_OBJC_ARC = YES;
				CLANG_WARN_BLOCK_CAPTURE_AUTORELEASING = YES;
				CLANG_WARN_BOOL_CONVERSION = YES;
				CLANG_WARN_COMMA = YES;
				CLANG_WARN_CONSTANT_CONVERSION = YES;
				CLANG_WARN_DIRECT_OBJC_ISA_USAGE = YES_ERROR;
				CLANG_WARN_DOCUMENTATION_COMMENTS = YES;
				CLANG_WARN_EMPTY_BODY = YES;
				CLANG_WARN_ENUM_CONVERSION = YES;
				CLANG_WARN_INFINITE_RECURSION = YES;
				CLANG_WARN_INT_CONVERSION = YES;
				CLANG_WARN_NON_LITERAL_NULL_CONVERSION = YES;
				CLANG_WARN_OBJC_LITERAL_CONVERSION = YES;
				CLANG_WARN_OBJC_ROOT_CLASS = YES_ERROR;
				CLANG_WARN_RANGE_LOOP_ANALYSIS = YES;
				CLANG_WARN_STRICT_PROTOTYPES = YES;
				CLANG_WARN_SUSPICIOUS_MOVE = YES;
				CLANG_WARN_UNGUARDED_AVAILABILITY = YES_AGGRESSIVE;
				CLANG_WARN_UNREACHABLE_CODE = YES;
				CLANG_WARN__DUPLICATE_METHOD_MATCH = YES;
				CODE_SIGN_IDENTITY = "iPhone Developer";
				COPY_PHASE_STRIP = NO;
				DEBUG_INFORMATION_FORMAT = dwarf;
				ENABLE_STRICT_OBJC_MSGSEND = YES;
				ENABLE_TESTABILITY = YES;
				GCC_C_LANGUAGE_STANDARD = gnu11;
				GCC_DYNAMIC_NO_PIC = NO;
				GCC_NO_COMMON_BLOCKS = YES;
				GCC_OPTIMIZATION_LEVEL = 0;
				GCC_PREPROCESSOR_DEFINITIONS = (
					"DEBUG=1",
					"$(inherited)",
				);
				GCC_WARN_64_TO_32_BIT_CONVERSION = YES;
				GCC_WARN_ABOUT_RETURN_TYPE = YES_ERROR;
				GCC_WARN_UNDECLARED_SELECTOR = YES;
				GCC_WARN_UNINITIALIZED_AUTOS = YES_AGGRESSIVE;
				GCC_WARN_UNUSED_FUNCTION = YES;
				GCC_WARN_UNUSED_VARIABLE = YES;
				IPHONEOS_DEPLOYMENT_TARGET = 11.1;
				MTL_ENABLE_DEBUG_INFO = YES;
				ONLY_ACTIVE_ARCH = YES;
				SDKROOT = iphoneos;
				SWIFT_ACTIVE_COMPILATION_CONDITIONS = DEBUG;
				SWIFT_OPTIMIZATION_LEVEL = "-Onone";
			};
			name = Debug;
		};
		A9440CBC1FE16877005E9603 /* Release */ = {
			isa = XCBuildConfiguration;
			buildSettings = {
				ALWAYS_SEARCH_USER_PATHS = NO;
				CLANG_ANALYZER_NONNULL = YES;
				CLANG_ANALYZER_NUMBER_OBJECT_CONVERSION = YES_AGGRESSIVE;
				CLANG_CXX_LANGUAGE_STANDARD = "gnu++14";
				CLANG_CXX_LIBRARY = "libc++";
				CLANG_ENABLE_MODULES = YES;
				CLANG_ENABLE_OBJC_ARC = YES;
				CLANG_WARN_BLOCK_CAPTURE_AUTORELEASING = YES;
				CLANG_WARN_BOOL_CONVERSION = YES;
				CLANG_WARN_COMMA = YES;
				CLANG_WARN_CONSTANT_CONVERSION = YES;
				CLANG_WARN_DIRECT_OBJC_ISA_USAGE = YES_ERROR;
				CLANG_WARN_DOCUMENTATION_COMMENTS = YES;
				CLANG_WARN_EMPTY_BODY = YES;
				CLANG_WARN_ENUM_CONVERSION = YES;
				CLANG_WARN_INFINITE_RECURSION = YES;
				CLANG_WARN_INT_CONVERSION = YES;
				CLANG_WARN_NON_LITERAL_NULL_CONVERSION = YES;
				CLANG_WARN_OBJC_LITERAL_CONVERSION = YES;
				CLANG_WARN_OBJC_ROOT_CLASS = YES_ERROR;
				CLANG_WARN_RANGE_LOOP_ANALYSIS = YES;
				CLANG_WARN_STRICT_PROTOTYPES = YES;
				CLANG_WARN_SUSPICIOUS_MOVE = YES;
				CLANG_WARN_UNGUARDED_AVAILABILITY = YES_AGGRESSIVE;
				CLANG_WARN_UNREACHABLE_CODE = YES;
				CLANG_WARN__DUPLICATE_METHOD_MATCH = YES;
				CODE_SIGN_IDENTITY = "iPhone Developer";
				COPY_PHASE_STRIP = NO;
				DEBUG_INFORMATION_FORMAT = "dwarf-with-dsym";
				ENABLE_NS_ASSERTIONS = NO;
				ENABLE_STRICT_OBJC_MSGSEND = YES;
				GCC_C_LANGUAGE_STANDARD = gnu11;
				GCC_NO_COMMON_BLOCKS = YES;
				GCC_WARN_64_TO_32_BIT_CONVERSION = YES;
				GCC_WARN_ABOUT_RETURN_TYPE = YES_ERROR;
				GCC_WARN_UNDECLARED_SELECTOR = YES;
				GCC_WARN_UNINITIALIZED_AUTOS = YES_AGGRESSIVE;
				GCC_WARN_UNUSED_FUNCTION = YES;
				GCC_WARN_UNUSED_VARIABLE = YES;
				IPHONEOS_DEPLOYMENT_TARGET = 11.1;
				MTL_ENABLE_DEBUG_INFO = NO;
				SDKROOT = iphoneos;
				SWIFT_OPTIMIZATION_LEVEL = "-Owholemodule";
				VALIDATE_PRODUCT = YES;
			};
			name = Release;
		};
		A9440CBE1FE16877005E9603 /* Debug */ = {
			isa = XCBuildConfiguration;
			baseConfigurationReference = 443723F88BFBA1158C09F45B /* Pods-BiometricAuthenticationDemo.debug.xcconfig */;
			buildSettings = {
				ASSETCATALOG_COMPILER_APPICON_NAME = AppIcon;
				CODE_SIGN_STYLE = Automatic;
				DEVELOPMENT_TEAM = X3T9EXWMZ2;
				INFOPLIST_FILE = BiometricAuthenticationDemo/Info.plist;
				LD_RUNPATH_SEARCH_PATHS = "$(inherited) @executable_path/Frameworks";
				PRODUCT_BUNDLE_IDENTIFIER = Dev7.BiometricAuthenticationDemo;
				PRODUCT_NAME = "$(TARGET_NAME)";
				SWIFT_VERSION = 4.0;
				TARGETED_DEVICE_FAMILY = "1,2";
			};
			name = Debug;
		};
		A9440CBF1FE16877005E9603 /* Release */ = {
			isa = XCBuildConfiguration;
			baseConfigurationReference = D1AC786C82F8441302D2499F /* Pods-BiometricAuthenticationDemo.release.xcconfig */;
			buildSettings = {
				ASSETCATALOG_COMPILER_APPICON_NAME = AppIcon;
				CODE_SIGN_STYLE = Automatic;
				DEVELOPMENT_TEAM = X3T9EXWMZ2;
				INFOPLIST_FILE = BiometricAuthenticationDemo/Info.plist;
				LD_RUNPATH_SEARCH_PATHS = "$(inherited) @executable_path/Frameworks";
				PRODUCT_BUNDLE_IDENTIFIER = Dev7.BiometricAuthenticationDemo;
				PRODUCT_NAME = "$(TARGET_NAME)";
				SWIFT_VERSION = 4.0;
				TARGETED_DEVICE_FAMILY = "1,2";
			};
			name = Release;
		};
/* End XCBuildConfiguration section */

/* Begin XCConfigurationList section */
		A9440CA61FE16877005E9603 /* Build configuration list for PBXProject "BiometricAuthenticationDemo" */ = {
			isa = XCConfigurationList;
			buildConfigurations = (
				A9440CBB1FE16877005E9603 /* Debug */,
				A9440CBC1FE16877005E9603 /* Release */,
			);
			defaultConfigurationIsVisible = 0;
			defaultConfigurationName = Release;
		};
		A9440CBD1FE16877005E9603 /* Build configuration list for PBXNativeTarget "BiometricAuthenticationDemo" */ = {
			isa = XCConfigurationList;
			buildConfigurations = (
				A9440CBE1FE16877005E9603 /* Debug */,
				A9440CBF1FE16877005E9603 /* Release */,
			);
			defaultConfigurationIsVisible = 0;
			defaultConfigurationName = Release;
		};
/* End XCConfigurationList section */
	};
	rootObject = A9440CA31FE16877005E9603 /* Project object */;
}
